// !$*UTF8*$!
{
	archiveVersion = 1;
	classes = {
	};
	objectVersion = 54;
	objects = {

/* Begin PBXFileReference section */
		AAAAAAAAAAAAAAAAAAAA00A2 /* App.app */ = {isa = PBXFileReference; explicitFileType = wrapper.application; includeInIndex = 0; path = App.app; sourceTree = BUILT_PRODUCTS_DIR; };
		BBBBBBBBBBBBBBBBBBBB00B2 /* App.app */ = {isa = PBXFileReference; explicitFileType = wrapper.application; includeInIndex = 0; path = App.app; sourceTree = BUILT_PRODUCTS_DIR; };
/* End PBXFileReference section */

/* Begin PBXGroup section */
		AAAAAAAAAAAAAAAAAAAA0010 = {
			isa = PBXGroup;
			children = (
				AAAAAAAAAAAAAAAAAAAA0011 /* Products */,
			);
			sourceTree = "<group>";
		};
		AAAAAAAAAAAAAAAAAAAA0011 /* Products */ = {
			isa = PBXGroup;
			children = (
				AAAAAAAAAAAAAAAAAAAA00A2 /* App.app */,
				BBBBBBBBBBBBBBBBBBBB00B2 /* App.app */,
			);
			name = Products;
			sourceTree = "<group>";
		};
/* End PBXGroup section */

/* Begin PBXNativeTarget section */
		AAAAAAAAAAAAAAAAAAAA00A1 /* App */ = {
			isa = PBXNativeTarget;
			buildConfigurationList = AAAAAAAAAAAAAAAAAAAA00A3 /* Build configuration list for PBXNativeTarget "App" */;
			buildPhases = (
			);
			buildRules = (
			);
			dependencies = (
			);
			name = App;
			productName = App;
			productReference = AAAAAAAAAAAAAAAAAAAA00A2 /* App.app */;
			productType = "com.apple.product-type.application";
		};
		BBBBBBBBBBBBBBBBBBBB00B1 /* App */ = {
			isa = PBXNativeTarget;
			buildConfigurationList = BBBBBBBBBBBBBBBBBBBB00B3 /* Build configuration list for PBXNativeTarget "App" */;
			buildPhases = (
			);
			buildRules = (
			);
			dependencies = (
			);
			name = App;
			productName = App;
			productReference = BBBBBBBBBBBBBBBBBBBB00B2 /* App.app */;
			productType = "com.apple.product-type.application";
		};
/* End PBXNativeTarget section */

/* Begin PBXProject section */
		AAAAAAAAAAAAAAAAAAAA0001 /* Project object */ = {
			isa = PBXProject;
			attributes = {
				LastUpgradeCheck = 1600;
			};
			buildConfigurationList = AAAAAAAAAAAAAAAAAAAA0020 /* Build configuration list for PBXProject "Project" */;
			compatibilityVersion = "Xcode 14.0";
			developmentRegion = en;
			hasScannedForEncodings = 0;
			knownRegions = (
				en,
				Base,
			);
			mainGroup = AAAAAAAAAAAAAAAAAAAA0010;
			productRefGroup = AAAAAAAAAAAAAAAAAAAA0011 /* Products */;
			projectDirPath = "";
			projectRoot = "";
			targets = (
				AAAAAAAAAAAAAAAAAAAA00A1 /* App */,
				BBBBBBBBBBBBBBBBBBBB00B1 /* App */,
			);
		};
/* End PBXProject section */

/* Begin XCBuildConfiguration section */
		AAAAAAAAAAAAAAAAAAAA0021 /* Debug */ = {
			isa = XCBuildConfiguration;
			buildSettings = {
			};
			name = Debug;
		};
		AAAAAAAAAAAAAAAAAAAA0022 /* Release */ = {
			isa = XCBuildConfiguration;
			buildSettings = {
			};
			name = Release;
		};
		AAAAAAAAAAAAAAAAAAAA00A4 /* Debug */ = {
			isa = XCBuildConfiguration;
			buildSettings = {
				PRODUCT_NAME = "$(TARGET_NAME)";
			};
			name = Debug;
		};
		AAAAAAAAAAAAAAAAAAAA00A5 /* Release */ = {
			isa = XCBuildConfiguration;
			buildSettings = {
				PRODUCT_NAME = "$(TARGET_NAME)";
			};
			name = Release;
		};
		BBBBBBBBBBBBBBBBBBBB00B4 /* Debug */ = {
			isa = XCBuildConfiguration;
			buildSettings = {
				PRODUCT_NAME = "$(TARGET_NAME)";
			};
			name = Debug;
		};
		BBBBBBBBBBBBBBBBBBBB00B5 /* Release */ = {
			isa = XCBuildConfiguration;
			buildSettings = {
				PRODUCT_NAME = "$(TARGET_NAME)";
			};
			name = Release;
		};
/* End XCBuildConfiguration section */

/* Begin XCConfigurationList section */
		AAAAAAAAAAAAAAAAAAAA0020 /* Build configuration list for PBXProject "Project" */ = {
			isa = XCConfigurationList;
			buildConfigurations = (
				AAAAAAAAAAAAAAAAAAAA0021 /* Debug */,
				AAAAAAAAAAAAAAAAAAAA0022 /* Release */,
			);
			defaultConfigurationIsVisible = 0;
			defaultConfigurationName = Release;
		};
		AAAAAAAAAAAAAAAAAAAA00A3 /* Build configuration list for PBXNativeTarget "App" */ = {
			isa = XCConfigurationList;
			buildConfigurations = (
				AAAAAAAAAAAAAAAAAAAA00A4 /* Debug */,
				AAAAAAAAAAAAAAAAAAAA00A5 /* Release */,
			);
			defaultConfigurationIsVisible = 0;
			defaultConfigurationName = Release;
		};
		BBBBBBBBBBBBBBBBBBBB00B3 /* Build configuration list for PBXNativeTarget "App" */ = {
			isa = XCConfigurationList;
			buildConfigurations = (
				BBBBBBBBBBBBBBBBBBBB00B4 /* Debug */,
				BBBBBBBBBBBBBBBBBBBB00B5 /* Release */,
			);
			defaultConfigurationIsVisible = 0;
			defaultConfigurationName = Release;
		};
/* End XCConfigurationList section */
	};
	rootObject = AAAAAAAAAAAAAAAAAAAA0001 /* Project object */;
}
